
Microsoft Visual Studio Solution File, Format Version 12.00
# Visual Studio Version 17
VisualStudioVersion = 17.11.35222.181
MinimumVisualStudioVersion = 10.0.40219.1
Project("{FAE04EC0-301F-11D3-BF4B-00C04F79EFBC}") = "Sklep-internetowy", "Sklep-internetowy.csproj", "{66FAA082-2506-4A64-884B-FDB88BD841A7}"
EndProject
Global
	GlobalSection(SolutionConfigurationPlatforms) = preSolution
		Debug|Any CPU = Debug|Any CPU
		Release|Any CPU = Release|Any CPU
	EndGlobalSection
	GlobalSection(ProjectConfigurationPlatforms) = postSolution
		{66FAA082-2506-4A64-884B-FDB88BD841A7}.Debug|Any CPU.ActiveCfg = Debug|Any CPU
		{66FAA082-2506-4A64-884B-FDB88BD841A7}.Debug|Any CPU.Build.0 = Debug|Any CPU
		{66FAA082-2506-4A64-884B-FDB88BD841A7}.Release|Any CPU.ActiveCfg = Release|Any CPU
		{66FAA082-2506-4A64-884B-FDB88BD841A7}.Release|Any CPU.Build.0 = Release|Any CPU
	EndGlobalSection
	GlobalSection(SolutionProperties) = preSolution
		HideSolutionNode = FALSE
	EndGlobalSection
	GlobalSection(ExtensibilityGlobals) = postSolution
		SolutionGuid = {F4E6F6A2-9344-44D7-BB3F-D4CEF283857D}
	EndGlobalSection
EndGlobal
